
Microsoft Visual Studio Solution File, Format Version 12.00
# Visual Studio Version 16
VisualStudioVersion = 16.0.29728.190
MinimumVisualStudioVersion = 10.0.40219.1
Project("{FAE04EC0-301F-11D3-BF4B-00C04F79EFBC}") = "ServiceLocatorPatternDemo", "ServiceLocatorPatternDemo\ServiceLocatorPatternDemo.csproj", "{810AB71D-3426-4D7B-90F9-1FAD87D76302}"
EndProject
Global
	GlobalSection(SolutionConfigurationPlatforms) = preSolution
		Debug|Any CPU = Debug|Any CPU
		Release|Any CPU = Release|Any CPU
	EndGlobalSection
	GlobalSection(ProjectConfigurationPlatforms) = postSolution
		{810AB71D-3426-4D7B-90F9-1FAD87D76302}.Debug|Any CPU.ActiveCfg = Debug|Any CPU
		{810AB71D-3426-4D7B-90F9-1FAD87D76302}.Debug|Any CPU.Build.0 = Debug|Any CPU
		{810AB71D-3426-4D7B-90F9-1FAD87D76302}.Release|Any CPU.ActiveCfg = Release|Any CPU
		{810AB71D-3426-4D7B-90F9-1FAD87D76302}.Release|Any CPU.Build.0 = Release|Any CPU
	EndGlobalSection
	GlobalSection(SolutionProperties) = preSolution
		HideSolutionNode = FALSE
	EndGlobalSection
	GlobalSection(ExtensibilityGlobals) = postSolution
		SolutionGuid = {CD7E8868-CDF1-4165-9BCE-9829ADE7638A}
	EndGlobalSection
EndGlobal
