
Microsoft Visual Studio Solution File, Format Version 12.00
# Visual Studio Version 16
VisualStudioVersion = 16.0.29613.14
MinimumVisualStudioVersion = 10.0.40219.1
Project("{FAE04EC0-301F-11D3-BF4B-00C04F79EFBC}") = "ProxyPatternDemo", "ProxyPatternDemo\ProxyPatternDemo.csproj", "{997BF5A4-5598-4A27-9F8C-23E6277D5F32}"
EndProject
Global
	GlobalSection(SolutionConfigurationPlatforms) = preSolution
		Debug|Any CPU = Debug|Any CPU
		Release|Any CPU = Release|Any CPU
	EndGlobalSection
	GlobalSection(ProjectConfigurationPlatforms) = postSolution
		{997BF5A4-5598-4A27-9F8C-23E6277D5F32}.Debug|Any CPU.ActiveCfg = Debug|Any CPU
		{997BF5A4-5598-4A27-9F8C-23E6277D5F32}.Debug|Any CPU.Build.0 = Debug|Any CPU
		{997BF5A4-5598-4A27-9F8C-23E6277D5F32}.Release|Any CPU.ActiveCfg = Release|Any CPU
		{997BF5A4-5598-4A27-9F8C-23E6277D5F32}.Release|Any CPU.Build.0 = Release|Any CPU
	EndGlobalSection
	GlobalSection(SolutionProperties) = preSolution
		HideSolutionNode = FALSE
	EndGlobalSection
	GlobalSection(ExtensibilityGlobals) = postSolution
		SolutionGuid = {B37C6AFC-4F99-4245-B8E4-FB1F1E7F8104}
	EndGlobalSection
EndGlobal
