
Microsoft Visual Studio Solution File, Format Version 12.00
# Visual Studio Version 16
VisualStudioVersion = 16.0.29613.14
MinimumVisualStudioVersion = 10.0.40219.1
Project("{FAE04EC0-301F-11D3-BF4B-00C04F79EFBC}") = "ChainPatternDemo", "ChainPatternDemo\ChainPatternDemo.csproj", "{0BAB049C-87D0-48C6-8E18-8BD4016BE4B7}"
EndProject
Global
	GlobalSection(SolutionConfigurationPlatforms) = preSolution
		Debug|Any CPU = Debug|Any CPU
		Release|Any CPU = Release|Any CPU
	EndGlobalSection
	GlobalSection(ProjectConfigurationPlatforms) = postSolution
		{0BAB049C-87D0-48C6-8E18-8BD4016BE4B7}.Debug|Any CPU.ActiveCfg = Debug|Any CPU
		{0BAB049C-87D0-48C6-8E18-8BD4016BE4B7}.Debug|Any CPU.Build.0 = Debug|Any CPU
		{0BAB049C-87D0-48C6-8E18-8BD4016BE4B7}.Release|Any CPU.ActiveCfg = Release|Any CPU
		{0BAB049C-87D0-48C6-8E18-8BD4016BE4B7}.Release|Any CPU.Build.0 = Release|Any CPU
	EndGlobalSection
	GlobalSection(SolutionProperties) = preSolution
		HideSolutionNode = FALSE
	EndGlobalSection
	GlobalSection(ExtensibilityGlobals) = postSolution
		SolutionGuid = {95EDAFFD-389F-4049-ABE9-10FED3A07798}
	EndGlobalSection
EndGlobal
