
Microsoft Visual Studio Solution File, Format Version 12.00
# Visual Studio Version 16
VisualStudioVersion = 16.0.29613.14
MinimumVisualStudioVersion = 10.0.40219.1
Project("{FAE04EC0-301F-11D3-BF4B-00C04F79EFBC}") = "FilterPattern", "FilterPattern\FilterPattern.csproj", "{C3CBE1DF-EDFA-48E4-8D23-19C3C8E7CD8C}"
EndProject
Global
	GlobalSection(SolutionConfigurationPlatforms) = preSolution
		Debug|Any CPU = Debug|Any CPU
		Release|Any CPU = Release|Any CPU
	EndGlobalSection
	GlobalSection(ProjectConfigurationPlatforms) = postSolution
		{C3CBE1DF-EDFA-48E4-8D23-19C3C8E7CD8C}.Debug|Any CPU.ActiveCfg = Debug|Any CPU
		{C3CBE1DF-EDFA-48E4-8D23-19C3C8E7CD8C}.Debug|Any CPU.Build.0 = Debug|Any CPU
		{C3CBE1DF-EDFA-48E4-8D23-19C3C8E7CD8C}.Release|Any CPU.ActiveCfg = Release|Any CPU
		{C3CBE1DF-EDFA-48E4-8D23-19C3C8E7CD8C}.Release|Any CPU.Build.0 = Release|Any CPU
	EndGlobalSection
	GlobalSection(SolutionProperties) = preSolution
		HideSolutionNode = FALSE
	EndGlobalSection
	GlobalSection(ExtensibilityGlobals) = postSolution
		SolutionGuid = {A8787C96-8E4C-4520-9DEC-FF9A9EC4C304}
	EndGlobalSection
EndGlobal
